
Microsoft Visual Studio Solution File, Format Version 12.00
# Visual Studio Version 16
VisualStudioVersion = 16.0.29318.209
MinimumVisualStudioVersion = 10.0.40219.1
Project("{FAE04EC0-301F-11D3-BF4B-00C04F79EFBC}") = "CRUDBlazor", "CRUDBlazor\CRUDBlazor.csproj", "{A5AC7F95-F09D-4EF1-8DF2-7C0B0ABF5326}"
EndProject
Global
	GlobalSection(SolutionConfigurationPlatforms) = preSolution
		Debug|Any CPU = Debug|Any CPU
		Release|Any CPU = Release|Any CPU
	EndGlobalSection
	GlobalSection(ProjectConfigurationPlatforms) = postSolution
		{A5AC7F95-F09D-4EF1-8DF2-7C0B0ABF5326}.Debug|Any CPU.ActiveCfg = Debug|Any CPU
		{A5AC7F95-F09D-4EF1-8DF2-7C0B0ABF5326}.Debug|Any CPU.Build.0 = Debug|Any CPU
		{A5AC7F95-F09D-4EF1-8DF2-7C0B0ABF5326}.Release|Any CPU.ActiveCfg = Release|Any CPU
		{A5AC7F95-F09D-4EF1-8DF2-7C0B0ABF5326}.Release|Any CPU.Build.0 = Release|Any CPU
	EndGlobalSection
	GlobalSection(SolutionProperties) = preSolution
		HideSolutionNode = FALSE
	EndGlobalSection
	GlobalSection(ExtensibilityGlobals) = postSolution
		SolutionGuid = {C379304C-9831-4B1E-91C8-D5A21D30BCC0}
	EndGlobalSection
EndGlobal
